
Microsoft Visual Studio Solution File, Format Version 12.00
# Visual Studio Version 17
VisualStudioVersion = 17.0.31717.71
MinimumVisualStudioVersion = 10.0.40219.1
Project("{9A19103F-16F7-4668-BE54-9A1E7A4F7556}") = "DistributedWorker.Core", "Orchestrator\DistributedWorker.Core.csproj", "{123FF8C5-BEF4-4C59-8259-006BEF82804C}"
EndProject
Project("{9A19103F-16F7-4668-BE54-9A1E7A4F7556}") = "DistributedWorker.Core.Tests", "Orchestrator.Tests\DistributedWorker.Core.Tests.csproj", "{9106D8B1-FEC3-44BE-BFEF-F50C51FBF38F}"
EndProject
Project("{9A19103F-16F7-4668-BE54-9A1E7A4F7556}") = "WorkOrchestratorSite", "WorkOrchestratorSite\WorkOrchestratorSite.csproj", "{AE28AF7D-B506-44FC-B0FA-2AA26AEA110E}"
EndProject
Global
	GlobalSection(SolutionConfigurationPlatforms) = preSolution
		Debug|Any CPU = Debug|Any CPU
		Release|Any CPU = Release|Any CPU
	EndGlobalSection
	GlobalSection(ProjectConfigurationPlatforms) = postSolution
		{123FF8C5-BEF4-4C59-8259-006BEF82804C}.Debug|Any CPU.ActiveCfg = Debug|Any CPU
		{123FF8C5-BEF4-4C59-8259-006BEF82804C}.Debug|Any CPU.Build.0 = Debug|Any CPU
		{123FF8C5-BEF4-4C59-8259-006BEF82804C}.Release|Any CPU.ActiveCfg = Release|Any CPU
		{123FF8C5-BEF4-4C59-8259-006BEF82804C}.Release|Any CPU.Build.0 = Release|Any CPU
		{9106D8B1-FEC3-44BE-BFEF-F50C51FBF38F}.Debug|Any CPU.ActiveCfg = Debug|Any CPU
		{9106D8B1-FEC3-44BE-BFEF-F50C51FBF38F}.Debug|Any CPU.Build.0 = Debug|Any CPU
		{9106D8B1-FEC3-44BE-BFEF-F50C51FBF38F}.Release|Any CPU.ActiveCfg = Release|Any CPU
		{9106D8B1-FEC3-44BE-BFEF-F50C51FBF38F}.Release|Any CPU.Build.0 = Release|Any CPU
		{AE28AF7D-B506-44FC-B0FA-2AA26AEA110E}.Debug|Any CPU.ActiveCfg = Debug|Any CPU
		{AE28AF7D-B506-44FC-B0FA-2AA26AEA110E}.Debug|Any CPU.Build.0 = Debug|Any CPU
		{AE28AF7D-B506-44FC-B0FA-2AA26AEA110E}.Release|Any CPU.ActiveCfg = Release|Any CPU
		{AE28AF7D-B506-44FC-B0FA-2AA26AEA110E}.Release|Any CPU.Build.0 = Release|Any CPU
	EndGlobalSection
	GlobalSection(SolutionProperties) = preSolution
		HideSolutionNode = FALSE
	EndGlobalSection
	GlobalSection(ExtensibilityGlobals) = postSolution
		SolutionGuid = {FD4BC770-369F-4BE2-8435-824F2F112788}
	EndGlobalSection
EndGlobal
